dependencies:
- name: ingress-nginx
  repository: https://kubernetes.github.io/ingress-nginx
  version: 4.15.0
- name: gateway-helm
  repository: oci://docker.io/envoyproxy
  version: 1.7.1
- name: cert-manager
  repository: https://charts.jetstack.io
  version: v1.20.0
- name: external-dns
  repository: https://kubernetes-sigs.github.io/external-dns
  version: 1.20.0
- name: metallb
  repository: https://metallb.github.io/metallb
  version: 0.15.3
- name: kgateway-crds
  repository: oci://cr.kgateway.dev/kgateway-dev/charts
  version: v2.1.2
- name: kgateway
  repository: oci://cr.kgateway.dev/kgateway-dev/charts
  version: v2.1.2
digest: sha256:f0f8d9682f7b432d4df6f9dfa62c5f7e06afcdf83fa6c0ab681453c22e33ecdf
generated: "2026-03-17T12:22:07.406273785Z"
