dependencies:
- name: ingress-nginx
  repository: https://kubernetes.github.io/ingress-nginx
  version: 4.15.1
- name: gateway-helm
  repository: oci://docker.io/envoyproxy
  version: 1.7.1
- name: cert-manager
  repository: oci://quay.io/jetstack/charts
  version: v1.20.2
- name: external-dns
  repository: https://kubernetes-sigs.github.io/external-dns
  version: 1.20.0
- name: metallb
  repository: oci://quay.io/metallb/chart
  version: 0.15.3
- name: agentgateway-crds
  repository: oci://cr.agentgateway.dev/charts
  version: v1.1.0
- name: agentgateway
  repository: oci://cr.agentgateway.dev/charts
  version: v1.1.0
digest: sha256:2ebd80c43542c56667d162d8eda7f086078f3e62cc2028a582ab29aa90d24ef0
generated: "2026-04-20T14:27:34.343734+05:00"
