dependencies:
- name: ingress-nginx
  repository: https://kubernetes.github.io/ingress-nginx
  version: 4.15.1
- name: gateway-helm
  repository: oci://docker.io/envoyproxy
  version: 1.7.2
- name: cert-manager
  repository: oci://quay.io/jetstack/charts
  version: 1.21.0
- name: external-dns
  repository: https://kubernetes-sigs.github.io/external-dns
  version: 1.20.0
- name: metallb
  repository: oci://quay.io/metallb/chart
  version: 0.15.3
- name: agentgateway-crds
  repository: oci://cr.agentgateway.dev/charts
  version: v2.2.1
- name: agentgateway
  repository: oci://cr.agentgateway.dev/charts
  version: v2.2.1
digest: sha256:25fcaa7efbce3aa525e6e474162445f032a8e59c28d4a228f20212d407f92faf
generated: "2026-07-20T02:56:48.491171986Z"
